
Microsoft Visual Studio Solution File, Format Version 12.00
# Visual Studio Version 16
VisualStudioVersion = 16.0.30320.27
MinimumVisualStudioVersion = 10.0.40219.1
Project("{FAE04EC0-301F-11D3-BF4B-00C04F79EFBC}") = "DeltaWebMap.ContentDatabase", "DeltaWebMap.ContentDatabase\DeltaWebMap.ContentDatabase.csproj", "{915936A1-04F2-4AC5-B645-B0DB52FD0D8B}"
EndProject
Project("{FAE04EC0-301F-11D3-BF4B-00C04F79EFBC}") = "DeltaWebMap.ContentDatabaseTests", "DeltaWebMap.ContentDatabaseTests\DeltaWebMap.ContentDatabaseTests.csproj", "{273B04E4-0B15-4523-9335-0F2EA277B186}"
EndProject
Global
	GlobalSection(SolutionConfigurationPlatforms) = preSolution
		Debug|Any CPU = Debug|Any CPU
		Release|Any CPU = Release|Any CPU
	EndGlobalSection
	GlobalSection(ProjectConfigurationPlatforms) = postSolution
		{915936A1-04F2-4AC5-B645-B0DB52FD0D8B}.Debug|Any CPU.ActiveCfg = Debug|Any CPU
		{915936A1-04F2-4AC5-B645-B0DB52FD0D8B}.Debug|Any CPU.Build.0 = Debug|Any CPU
		{915936A1-04F2-4AC5-B645-B0DB52FD0D8B}.Release|Any CPU.ActiveCfg = Release|Any CPU
		{915936A1-04F2-4AC5-B645-B0DB52FD0D8B}.Release|Any CPU.Build.0 = Release|Any CPU
		{273B04E4-0B15-4523-9335-0F2EA277B186}.Debug|Any CPU.ActiveCfg = Debug|Any CPU
		{273B04E4-0B15-4523-9335-0F2EA277B186}.Debug|Any CPU.Build.0 = Debug|Any CPU
		{273B04E4-0B15-4523-9335-0F2EA277B186}.Release|Any CPU.ActiveCfg = Release|Any CPU
		{273B04E4-0B15-4523-9335-0F2EA277B186}.Release|Any CPU.Build.0 = Release|Any CPU
	EndGlobalSection
	GlobalSection(SolutionProperties) = preSolution
		HideSolutionNode = FALSE
	EndGlobalSection
	GlobalSection(ExtensibilityGlobals) = postSolution
		SolutionGuid = {CD599677-116C-443F-9ED6-2A709B69042C}
	EndGlobalSection
EndGlobal
